
Microsoft Visual Studio Solution File, Format Version 12.00
# Visual Studio 15
VisualStudioVersion = 15.0.27130.2024
MinimumVisualStudioVersion = 10.0.40219.1
Project("{FAE04EC0-301F-11D3-BF4B-00C04F79EFBC}") = "ocr_example1", "ocr_example1\ocr_example1.csproj", "{CCD1D399-DC06-4163-83A8-4F26C4470AA9}"
EndProject
Global
	GlobalSection(SolutionConfigurationPlatforms) = preSolution
		Debug|Any CPU = Debug|Any CPU
		Release|Any CPU = Release|Any CPU
	EndGlobalSection
	GlobalSection(ProjectConfigurationPlatforms) = postSolution
		{CCD1D399-DC06-4163-83A8-4F26C4470AA9}.Debug|Any CPU.ActiveCfg = Debug|Any CPU
		{CCD1D399-DC06-4163-83A8-4F26C4470AA9}.Debug|Any CPU.Build.0 = Debug|Any CPU
		{CCD1D399-DC06-4163-83A8-4F26C4470AA9}.Release|Any CPU.ActiveCfg = Release|Any CPU
		{CCD1D399-DC06-4163-83A8-4F26C4470AA9}.Release|Any CPU.Build.0 = Release|Any CPU
	EndGlobalSection
	GlobalSection(SolutionProperties) = preSolution
		HideSolutionNode = FALSE
	EndGlobalSection
	GlobalSection(ExtensibilityGlobals) = postSolution
		SolutionGuid = {26E4CB07-B354-4D1C-A9C7-BA08340EE30F}
	EndGlobalSection
EndGlobal
